NeoBundleLock Lucius 7ed02d3e4a8f2cfeda03ac67cf6879098cbc068a
NeoBundleLock Zenburn 33e67af2418e4775c2a7abc6e8fef401e697e1eb
NeoBundleLock badwolf e6fdf1844ac7fe9f479f93846081f9294eb992c0
NeoBundleLock emmet-vim 57a5263d1d5beb3a35bf5ea27821bdd056d08c09
NeoBundleLock inkpot b86ad4dc977d3e92ca713c83bc225526a7d77070
NeoBundleLock jedi-vim d3484afe20cf1a3c9fb20ba44d6e06a6feff8ee3
NeoBundleLock jellybeans.vim f931895c20681684278aef2ffd810730b9c36ec3
NeoBundleLock molokai db8ce13b3737d3ddea8368498183d7c204a762eb
NeoBundleLock mrkn256.vim 038b1839405a32e2547289e9d0cdc666d874a6fb
NeoBundleLock mustang-vim 6533d7d21bf27cae94d9c2caa575f627f003dfd5
NeoBundleLock neobundle.vim 5ec955740d45cd5162fa257fde89b151477e294d
NeoBundleLock neocomplete-php.vim 68c3b3a6439c6c5cc0640260dde52eef197dd2f3
NeoBundleLock nerdtree bcf3de4fdffae45fc7c85b6b84a01b37177924aa
NeoBundleLock pyflakes-vim 92ab1d390d0dbf0d949aba27c9eb1e4ed0abde0e
NeoBundleLock syntastic 7014a52acefa594d45c40b3eaefee70549bdcaeb
NeoBundleLock unite-colorscheme 3aa33866a183f7659594a3f6b66b2334eaebc6a0
NeoBundleLock unite.vim 66013f7984ee11fcbbb3258b3b7058f2729977d2
NeoBundleLock vim-clang bd8725ae63e3460b9f309659487172b385bc842c
NeoBundleLock vim-colors-solarized 528a59f26d12278698bb946f8fb82a63711eec21
NeoBundleLock vim-colors-wombat fb44c8db8563946de191b1856e3cfffe0cdb622d
NeoBundleLock vim-hybrid 7d530218dbcc5b5a9d473bcd2dbd2a85e7be99fd
NeoBundleLock vim-monokai 91b3eb3ec60e5ced9e0386eb53ec174b7d577ddf
NeoBundleLock vim-pyte a1071f30656b26645b69f59e1e05257829a39620
NeoBundleLock vim-railscasts-theme b09adffc4f23dab82e9005c6f12635210485da8a
NeoBundleLock vim-template 21b40c791bcd110dc76a18afaba6d067120bf1e3
NeoBundleLock vim-tomorrow-theme f45a2ca260d825b6aee72621f8f6158d815ac472
NeoBundleLock vimproc 0555aecded8737435747e903efc4b6f3241cc62c
